// !$*UTF8*$!
{
	archiveVersion = 1;
	classes = {
	};
	objectVersion = 48;
	objects = {

/* Begin PBXBuildFile section */
		26061F8A1FB1F46200181A32 /* DetailNowShowingViewController.swift in Sources */ = {isa = PBXBuildFile; fileRef = 26061F891FB1F46200181A32 /* DetailNowShowingViewController.swift */; };
		26061F8C1FB1F48E00181A32 /* DetailComingSoonViewController.swift in Sources */ = {isa = PBXBuildFile; fileRef = 26061F8B1FB1F48E00181A32 /* DetailComingSoonViewController.swift */; };
		26061F8F1FB203D600181A32 /* Row1NowShowingTableViewCell.swift in Sources */ = {isa = PBXBuildFile; fileRef = 26061F8E1FB203D600181A32 /* Row1NowShowingTableViewCell.swift */; };
		26061F911FB2258500181A32 /* Row2NowShowingTableViewCell.swift in Sources */ = {isa = PBXBuildFile; fileRef = 26061F901FB2258400181A32 /* Row2NowShowingTableViewCell.swift */; };
		261793CD1FA0EFA600BEAC22 /* HttpRequest.swift in Sources */ = {isa = PBXBuildFile; fileRef = 261793CC1FA0EFA600BEAC22 /* HttpRequest.swift */; };
		261793CF1FA195B700BEAC22 /* Extension.swift in Sources */ = {isa = PBXBuildFile; fileRef = 261793CE1FA195B700BEAC22 /* Extension.swift */; };
		2658C0051FA0C869002BB3B7 /* ComingSoonViewController.swift in Sources */ = {isa = PBXBuildFile; fileRef = 2658C0041FA0C869002BB3B7 /* ComingSoonViewController.swift */; };
		2658C0071FA0CDF0002BB3B7 /* MenuTableViewController.swift in Sources */ = {isa = PBXBuildFile; fileRef = 2658C0061FA0CDF0002BB3B7 /* MenuTableViewController.swift */; };
		2658C0091FA0CF85002BB3B7 /* Movie.swift in Sources */ = {isa = PBXBuildFile; fileRef = 2658C0081FA0CF85002BB3B7 /* Movie.swift */; };
		2658C00B1FA0D641002BB3B7 /* NowShowingTableViewCell.swift in Sources */ = {isa = PBXBuildFile; fileRef = 2658C00A1FA0D641002BB3B7 /* NowShowingTableViewCell.swift */; };
		2658C00E1FA0D66C002BB3B7 /* ComingSoonTableViewCell.swift in Sources */ = {isa = PBXBuildFile; fileRef = 2658C00D1FA0D66C002BB3B7 /* ComingSoonTableViewCell.swift */; };
		2691328B1F9F0FCE006C0836 /* AppDelegate.swift in Sources */ = {isa = PBXBuildFile; fileRef = 2691328A1F9F0FCE006C0836 /* AppDelegate.swift */; };
		2691328D1F9F0FCE006C0836 /* NowShowingController.swift in Sources */ = {isa = PBXBuildFile; fileRef = 2691328C1F9F0FCE006C0836 /* NowShowingController.swift */; };
		269132901F9F0FCF006C0836 /* Main.storyboard in Resources */ = {isa = PBXBuildFile; fileRef = 2691328E1F9F0FCF006C0836 /* Main.storyboard */; };
		269132921F9F0FCF006C0836 /* Assets.xcassets in Resources */ = {isa = PBXBuildFile; fileRef = 269132911F9F0FCF006C0836 /* Assets.xcassets */; };
		269132951F9F0FCF006C0836 /* LaunchScreen.storyboard in Resources */ = {isa = PBXBuildFile; fileRef = 269132931F9F0FCF006C0836 /* LaunchScreen.storyboard */; };
		269132A01F9F1073006C0836 /* SWRevealViewController.m in Sources */ = {isa = PBXBuildFile; fileRef = 2691329F1F9F1073006C0836 /* SWRevealViewController.m */; };
		D21C6A3C113F6DE03E349323 /* Pods_LichChieuPhim.framework in Frameworks */ = {isa = PBXBuildFile; fileRef = 85E92E8F97FEB5DDEB5E5C27 /* Pods_LichChieuPhim.framework */; };
/* End PBXBuildFile section */

/* Begin PBXFileReference section */
		26061F891FB1F46200181A32 /* DetailNowShowingViewController.swift */ = {isa = PBXFileReference; lastKnownFileType = sourcecode.swift; path = DetailNowShowingViewController.swift; sourceTree = "<group>"; };
		26061F8B1FB1F48E00181A32 /* DetailComingSoonViewController.swift */ = {isa = PBXFileReference; lastKnownFileType = sourcecode.swift; path = DetailComingSoonViewController.swift; sourceTree = "<group>"; };
		26061F8E1FB203D600181A32 /* Row1NowShowingTableViewCell.swift */ = {isa = PBXFileReference; lastKnownFileType = sourcecode.swift; path = Row1NowShowingTableViewCell.swift; sourceTree = "<group>"; };
		26061F901FB2258400181A32 /* Row2NowShowingTableViewCell.swift */ = {isa = PBXFileReference; lastKnownFileType = sourcecode.swift; path = Row2NowShowingTableViewCell.swift; sourceTree = "<group>"; };
		261793CC1FA0EFA600BEAC22 /* HttpRequest.swift */ = {isa = PBXFileReference; lastKnownFileType = sourcecode.swift; path = HttpRequest.swift; sourceTree = "<group>"; };
		261793CE1FA195B700BEAC22 /* Extension.swift */ = {isa = PBXFileReference; lastKnownFileType = sourcecode.swift; path = Extension.swift; sourceTree = "<group>"; };
		2658C0041FA0C869002BB3B7 /* ComingSoonViewController.swift */ = {isa = PBXFileReference; lastKnownFileType = sourcecode.swift; path = ComingSoonViewController.swift; sourceTree = "<group>"; };
		2658C0061FA0CDF0002BB3B7 /* MenuTableViewController.swift */ = {isa = PBXFileReference; lastKnownFileType = sourcecode.swift; path = MenuTableViewController.swift; sourceTree = "<group>"; };
		2658C0081FA0CF85002BB3B7 /* Movie.swift */ = {isa = PBXFileReference; lastKnownFileType = sourcecode.swift; path = Movie.swift; sourceTree = "<group>"; };
		2658C00A1FA0D641002BB3B7 /* NowShowingTableViewCell.swift */ = {isa = PBXFileReference; lastKnownFileType = sourcecode.swift; path = NowShowingTableViewCell.swift; sourceTree = "<group>"; };
		2658C00D1FA0D66C002BB3B7 /* ComingSoonTableViewCell.swift */ = {isa = PBXFileReference; lastKnownFileType = sourcecode.swift; path = ComingSoonTableViewCell.swift; sourceTree = "<group>"; };
		269132871F9F0FCE006C0836 /* LichChieuPhim.app */ = {isa = PBXFileReference; explicitFileType = wrapper.application; includeInIndex = 0; path = LichChieuPhim.app; sourceTree = BUILT_PRODUCTS_DIR; };
		2691328A1F9F0FCE006C0836 /* AppDelegate.swift */ = {isa = PBXFileReference; lastKnownFileType = sourcecode.swift; path = AppDelegate.swift; sourceTree = "<group>"; };
		2691328C1F9F0FCE006C0836 /* NowShowingController.swift */ = {isa = PBXFileReference; lastKnownFileType = sourcecode.swift; path = NowShowingController.swift; sourceTree = "<group>"; };
		2691328F1F9F0FCF006C0836 /* Base */ = {isa = PBXFileReference; lastKnownFileType = file.storyboard; name = Base; path = Base.lproj/Main.storyboard; sourceTree = "<group>"; };
		269132911F9F0FCF006C0836 /* Assets.xcassets */ = {isa = PBXFileReference; lastKnownFileType = folder.assetcatalog; path = Assets.xcassets; sourceTree = "<group>"; };
		269132941F9F0FCF006C0836 /* Base */ = {isa = PBXFileReference; lastKnownFileType = file.storyboard; name = Base; path = Base.lproj/LaunchScreen.storyboard; sourceTree = "<group>"; };
		269132961F9F0FCF006C0836 /* Info.plist */ = {isa = PBXFileReference; lastKnownFileType = text.plist.xml; path = Info.plist; sourceTree = "<group>"; };
		2691329D1F9F1071006C0836 /* LichChieuPhim-Bridging-Header.h */ = {isa = PBXFileReference; lastKnownFileType = sourcecode.c.h; path = "LichChieuPhim-Bridging-Header.h"; sourceTree = "<group>"; };
		2691329E1F9F1072006C0836 /* SWRevealViewController.h */ = {isa = PBXFileReference; fileEncoding = 4; lastKnownFileType = sourcecode.c.h; path = SWRevealViewController.h; sourceTree = "<group>"; };
		2691329F1F9F1073006C0836 /* SWRevealViewController.m */ = {isa = PBXFileReference; fileEncoding = 4; lastKnownFileType = sourcecode.c.objc; path = SWRevealViewController.m; sourceTree = "<group>"; };
		85E92E8F97FEB5DDEB5E5C27 /* Pods_LichChieuPhim.framework */ = {isa = PBXFileReference; explicitFileType = wrapper.framework; includeInIndex = 0; path = Pods_LichChieuPhim.framework; sourceTree = BUILT_PRODUCTS_DIR; };
		A20AA3ED78A79934F8862791 /* Pods-LichChieuPhim.debug.xcconfig */ = {isa = PBXFileReference; includeInIndex = 1; lastKnownFileType = text.xcconfig; name = "Pods-LichChieuPhim.debug.xcconfig"; path = "Pods/Target Support Files/Pods-LichChieuPhim/Pods-LichChieuPhim.debug.xcconfig"; sourceTree = "<group>"; };
		B836D0B1EA62DA0983067B0E /* Pods-LichChieuPhim.release.xcconfig */ = {isa = PBXFileReference; includeInIndex = 1; lastKnownFileType = text.xcconfig; name = "Pods-LichChieuPhim.release.xcconfig"; path = "Pods/Target Support Files/Pods-LichChieuPhim/Pods-LichChieuPhim.release.xcconfig"; sourceTree = "<group>"; };
/* End PBXFileReference section */

/* Begin PBXFrameworksBuildPhase section */
		269132841F9F0FCE006C0836 /* Frameworks */ = {
			isa = PBXFrameworksBuildPhase;
			buildActionMask = 2147483647;
			files = (
				D21C6A3C113F6DE03E349323 /* Pods_LichChieuPhim.framework in Frameworks */,
			);
			runOnlyForDeploymentPostprocessing = 0;
		};
/* End PBXFrameworksBuildPhase section */

/* Begin PBXGroup section */
		26061F881FB1F39400181A32 /* Detail */ = {
			isa = PBXGroup;
			children = (
				26061F891FB1F46200181A32 /* DetailNowShowingViewController.swift */,
				26061F8B1FB1F48E00181A32 /* DetailComingSoonViewController.swift */,
			);
			path = Detail;
			sourceTree = "<group>";
		};
		26061F8D1FB2034B00181A32 /* Detail */ = {
			isa = PBXGroup;
			children = (
				26061F8E1FB203D600181A32 /* Row1NowShowingTableViewCell.swift */,
				26061F901FB2258400181A32 /* Row2NowShowingTableViewCell.swift */,
			);
			path = Detail;
			sourceTree = "<group>";
		};
		261793CB1FA0EF1700BEAC22 /* Helper */ = {
			isa = PBXGroup;
			children = (
				261793CC1FA0EFA600BEAC22 /* HttpRequest.swift */,
				261793CE1FA195B700BEAC22 /* Extension.swift */,
			);
			path = Helper;
			sourceTree = "<group>";
		};
		2658C0011FA0C7FC002BB3B7 /* Model */ = {
			isa = PBXGroup;
			children = (
				2658C0081FA0CF85002BB3B7 /* Movie.swift */,
			);
			path = Model;
			sourceTree = "<group>";
		};
		2658C0021FA0C803002BB3B7 /* View */ = {
			isa = PBXGroup;
			children = (
				2658C00C1FA0D648002BB3B7 /* Cell */,
				2691328E1F9F0FCF006C0836 /* Main.storyboard */,
			);
			path = View;
			sourceTree = "<group>";
		};
		2658C0031FA0C80C002BB3B7 /* Controller */ = {
			isa = PBXGroup;
			children = (
				26061F881FB1F39400181A32 /* Detail */,
				2691328C1F9F0FCE006C0836 /* NowShowingController.swift */,
				2658C0041FA0C869002BB3B7 /* ComingSoonViewController.swift */,
				2658C0061FA0CDF0002BB3B7 /* MenuTableViewController.swift */,
			);
			path = Controller;
			sourceTree = "<group>";
		};
		2658C00C1FA0D648002BB3B7 /* Cell */ = {
			isa = PBXGroup;
			children = (
				26061F8D1FB2034B00181A32 /* Detail */,
				2658C00A1FA0D641002BB3B7 /* NowShowingTableViewCell.swift */,
				2658C00D1FA0D66C002BB3B7 /* ComingSoonTableViewCell.swift */,
			);
			path = Cell;
			sourceTree = "<group>";
		};
		2691327E1F9F0FCE006C0836 = {
			isa = PBXGroup;
			children = (
				269132891F9F0FCE006C0836 /* LichChieuPhim */,
				269132881F9F0FCE006C0836 /* Products */,
				894C19783FA306F5AB574677 /* Pods */,
				AD0E480E67EBF82D0174615A /* Frameworks */,
			);
			sourceTree = "<group>";
		};
		269132881F9F0FCE006C0836 /* Products */ = {
			isa = PBXGroup;
			children = (
				269132871F9F0FCE006C0836 /* LichChieuPhim.app */,
			);
			name = Products;
			sourceTree = "<group>";
		};
		269132891F9F0FCE006C0836 /* LichChieuPhim */ = {
			isa = PBXGroup;
			children = (
				261793CB1FA0EF1700BEAC22 /* Helper */,
				2691329C1F9F0FE3006C0836 /* Frameworks */,
				2658C0031FA0C80C002BB3B7 /* Controller */,
				2658C0021FA0C803002BB3B7 /* View */,
				2658C0011FA0C7FC002BB3B7 /* Model */,
				2691328A1F9F0FCE006C0836 /* AppDelegate.swift */,
				269132911F9F0FCF006C0836 /* Assets.xcassets */,
				269132931F9F0FCF006C0836 /* LaunchScreen.storyboard */,
				269132961F9F0FCF006C0836 /* Info.plist */,
			);
			path = LichChieuPhim;
			sourceTree = "<group>";
		};
		2691329C1F9F0FE3006C0836 /* Frameworks */ = {
			isa = PBXGroup;
			children = (
				2691329E1F9F1072006C0836 /* SWRevealViewController.h */,
				2691329F1F9F1073006C0836 /* SWRevealViewController.m */,
				2691329D1F9F1071006C0836 /* LichChieuPhim-Bridging-Header.h */,
			);
			path = Frameworks;
			sourceTree = "<group>";
		};
		894C19783FA306F5AB574677 /* Pods */ = {
			isa = PBXGroup;
			children = (
				A20AA3ED78A79934F8862791 /* Pods-LichChieuPhim.debug.xcconfig */,
				B836D0B1EA62DA0983067B0E /* Pods-LichChieuPhim.release.xcconfig */,
			);
			name = Pods;
			sourceTree = "<group>";
		};
		AD0E480E67EBF82D0174615A /* Frameworks */ = {
			isa = PBXGroup;
			children = (
				85E92E8F97FEB5DDEB5E5C27 /* Pods_LichChieuPhim.framework */,
			);
			name = Frameworks;
			sourceTree = "<group>";
		};
/* End PBXGroup section */

/* Begin PBXNativeTarget section */
		269132861F9F0FCE006C0836 /* LichChieuPhim */ = {
			isa = PBXNativeTarget;
			buildConfigurationList = 269132991F9F0FCF006C0836 /* Build configuration list for PBXNativeTarget "LichChieuPhim" */;
			buildPhases = (
				2FE0D88AE571F0E3F05210D7 /* [CP] Check Pods Manifest.lock */,
				269132831F9F0FCE006C0836 /* Sources */,
				269132841F9F0FCE006C0836 /* Frameworks */,
				269132851F9F0FCE006C0836 /* Resources */,
				EB7AA3C238B8300DF57F2C09 /* [CP] Embed Pods Frameworks */,
				322699528079D69A1DFC46C0 /* [CP] Copy Pods Resources */,
			);
			buildRules = (
			);
			dependencies = (
			);
			name = LichChieuPhim;
			productName = LichChieuPhim;
			productReference = 269132871F9F0FCE006C0836 /* LichChieuPhim.app */;
			productType = "com.apple.product-type.application";
		};
/* End PBXNativeTarget section */

/* Begin PBXProject section */
		2691327F1F9F0FCE006C0836 /* Project object */ = {
			isa = PBXProject;
			attributes = {
				LastSwiftUpdateCheck = 0900;
				LastUpgradeCheck = 0900;
				ORGANIZATIONNAME = "Thanh Tu";
				TargetAttributes = {
					269132861F9F0FCE006C0836 = {
						CreatedOnToolsVersion = 9.0.1;
						LastSwiftMigration = 0900;
						ProvisioningStyle = Automatic;
					};
				};
			};
			buildConfigurationList = 269132821F9F0FCE006C0836 /* Build configuration list for PBXProject "LichChieuPhim" */;
			compatibilityVersion = "Xcode 8.0";
			developmentRegion = en;
			hasScannedForEncodings = 0;
			knownRegions = (
				en,
				Base,
			);
			mainGroup = 2691327E1F9F0FCE006C0836;
			productRefGroup = 269132881F9F0FCE006C0836 /* Products */;
			projectDirPath = "";
			projectRoot = "";
			targets = (
				269132861F9F0FCE006C0836 /* LichChieuPhim */,
			);
		};
/* End PBXProject section */

/* Begin PBXResourcesBuildPhase section */
		269132851F9F0FCE006C0836 /* Resources */ = {
			isa = PBXResourcesBuildPhase;
			buildActionMask = 2147483647;
			files = (
				269132951F9F0FCF006C0836 /* LaunchScreen.storyboard in Resources */,
				269132921F9F0FCF006C0836 /* Assets.xcassets in Resources */,
				269132901F9F0FCF006C0836 /* Main.storyboard in Resources */,
			);
			runOnlyForDeploymentPostprocessing = 0;
		};
/* End PBXResourcesBuildPhase section */

/* Begin PBXShellScriptBuildPhase section */
		2FE0D88AE571F0E3F05210D7 /* [CP] Check Pods Manifest.lock */ = {
			isa = PBXShellScriptBuildPhase;
			buildActionMask = 2147483647;
			files = (
			);
			inputPaths = (
				"${PODS_PODFILE_DIR_PATH}/Podfile.lock",
				"${PODS_ROOT}/Manifest.lock",
			);
			name = "[CP] Check Pods Manifest.lock";
			outputPaths = (
				"$(DERIVED_FILE_DIR)/Pods-LichChieuPhim-checkManifestLockResult.txt",
			);
			runOnlyForDeploymentPostprocessing = 0;
			shellPath = /bin/sh;
			shellScript = "diff \"${PODS_PODFILE_DIR_PATH}/Podfile.lock\" \"${PODS_ROOT}/Manifest.lock\" > /dev/null\nif [ $? != 0 ] ; then\n    # print error to STDERR\n    echo \"error: The sandbox is not in sync with the Podfile.lock. Run 'pod install' or update your CocoaPods installation.\" >&2\n    exit 1\nfi\n# This output is used by Xcode 'outputs' to avoid re-running this script phase.\necho \"SUCCESS\" > \"${SCRIPT_OUTPUT_FILE_0}\"\n";
			showEnvVarsInLog = 0;
		};
		322699528079D69A1DFC46C0 /* [CP] Copy Pods Resources */ = {
			isa = PBXShellScriptBuildPhase;
			buildActionMask = 2147483647;
			files = (
			);
			inputPaths = (
			);
			name = "[CP] Copy Pods Resources";
			outputPaths = (
			);
			runOnlyForDeploymentPostprocessing = 0;
			shellPath = /bin/sh;
			shellScript = "\"${SRCROOT}/Pods/Target Support Files/Pods-LichChieuPhim/Pods-LichChieuPhim-resources.sh\"\n";
			showEnvVarsInLog = 0;
		};
		EB7AA3C238B8300DF57F2C09 /* [CP] Embed Pods Frameworks */ = {
			isa = PBXShellScriptBuildPhase;
			buildActionMask = 2147483647;
			files = (
			);
			inputPaths = (
				"${SRCROOT}/Pods/Target Support Files/Pods-LichChieuPhim/Pods-LichChieuPhim-frameworks.sh",
				"${BUILT_PRODUCTS_DIR}/AMScrollingNavbar/AMScrollingNavbar.framework",
				"${BUILT_PRODUCTS_DIR}/Alamofire/Alamofire.framework",
				"${BUILT_PRODUCTS_DIR}/Cosmos/Cosmos.framework",
				"${BUILT_PRODUCTS_DIR}/Kingfisher/Kingfisher.framework",
				"${BUILT_PRODUCTS_DIR}/YouTubePlayer/YouTubePlayer.framework",
			);
			name = "[CP] Embed Pods Frameworks";
			outputPaths = (
				"${TARGET_BUILD_DIR}/${FRAMEWORKS_FOLDER_PATH}/AMScrollingNavbar.framework",
				"${TARGET_BUILD_DIR}/${FRAMEWORKS_FOLDER_PATH}/Alamofire.framework",
				"${TARGET_BUILD_DIR}/${FRAMEWORKS_FOLDER_PATH}/Cosmos.framework",
				"${TARGET_BUILD_DIR}/${FRAMEWORKS_FOLDER_PATH}/Kingfisher.framework",
				"${TARGET_BUILD_DIR}/${FRAMEWORKS_FOLDER_PATH}/YouTubePlayer.framework",
			);
			runOnlyForDeploymentPostprocessing = 0;
			shellPath = /bin/sh;
			shellScript = "\"${SRCROOT}/Pods/Target Support Files/Pods-LichChieuPhim/Pods-LichChieuPhim-frameworks.sh\"\n";
			showEnvVarsInLog = 0;
		};
/* End PBXShellScriptBuildPhase section */

/* Begin PBXSourcesBuildPhase section */
		269132831F9F0FCE006C0836 /* Sources */ = {
			isa = PBXSourcesBuildPhase;
			buildActionMask = 2147483647;
			files = (
				2658C0091FA0CF85002BB3B7 /* Movie.swift in Sources */,
				2691328D1F9F0FCE006C0836 /* NowShowingController.swift in Sources */,
				26061F8A1FB1F46200181A32 /* DetailNowShowingViewController.swift in Sources */,
				26061F8C1FB1F48E00181A32 /* DetailComingSoonViewController.swift in Sources */,
				2691328B1F9F0FCE006C0836 /* AppDelegate.swift in Sources */,
				2658C00B1FA0D641002BB3B7 /* NowShowingTableViewCell.swift in Sources */,
				2658C0071FA0CDF0002BB3B7 /* MenuTableViewController.swift in Sources */,
				261793CF1FA195B700BEAC22 /* Extension.swift in Sources */,
				261793CD1FA0EFA600BEAC22 /* HttpRequest.swift in Sources */,
				2658C0051FA0C869002BB3B7 /* ComingSoonViewController.swift in Sources */,
				269132A01F9F1073006C0836 /* SWRevealViewController.m in Sources */,
				26061F8F1FB203D600181A32 /* Row1NowShowingTableViewCell.swift in Sources */,
				26061F911FB2258500181A32 /* Row2NowShowingTableViewCell.swift in Sources */,
				2658C00E1FA0D66C002BB3B7 /* ComingSoonTableViewCell.swift in Sources */,
			);
			runOnlyForDeploymentPostprocessing = 0;
		};
/* End PBXSourcesBuildPhase section */

/* Begin PBXVariantGroup section */
		2691328E1F9F0FCF006C0836 /* Main.storyboard */ = {
			isa = PBXVariantGroup;
			children = (
				2691328F1F9F0FCF006C0836 /* Base */,
			);
			name = Main.storyboard;
			sourceTree = "<group>";
		};
		269132931F9F0FCF006C0836 /* LaunchScreen.storyboard */ = {
			isa = PBXVariantGroup;
			children = (
				269132941F9F0FCF006C0836 /* Base */,
			);
			name = LaunchScreen.storyboard;
			sourceTree = "<group>";
		};
/* End PBXVariantGroup section */

/* Begin XCBuildConfiguration section */
		269132971F9F0FCF006C0836 /* Debug */ = {
			isa = XCBuildConfiguration;
			buildSettings = {
				ALWAYS_SEARCH_USER_PATHS = NO;
				CLANG_ANALYZER_NONNULL = YES;
				CLANG_ANALYZER_NUMBER_OBJECT_CONVERSION = YES_AGGRESSIVE;
				CLANG_CXX_LANGUAGE_STANDARD = "gnu++14";
				CLANG_CXX_LIBRARY = "libc++";
				CLANG_ENABLE_MODULES = YES;
				CLANG_ENABLE_OBJC_ARC = YES;
				CLANG_WARN_BLOCK_CAPTURE_AUTORELEASING = YES;
				CLANG_WARN_BOOL_CONVERSION = YES;
				CLANG_WARN_COMMA = YES;
				CLANG_WARN_CONSTANT_CONVERSION = YES;
				CLANG_WARN_DIRECT_OBJC_ISA_USAGE = YES_ERROR;
				CLANG_WARN_DOCUMENTATION_COMMENTS = YES;
				CLANG_WARN_EMPTY_BODY = YES;
				CLANG_WARN_ENUM_CONVERSION = YES;
				CLANG_WARN_INFINITE_RECURSION = YES;
				CLANG_WARN_INT_CONVERSION = YES;
				CLANG_WARN_NON_LITERAL_NULL_CONVERSION = YES;
				CLANG_WARN_OBJC_LITERAL_CONVERSION = YES;
				CLANG_WARN_OBJC_ROOT_CLASS = YES_ERROR;
				CLANG_WARN_RANGE_LOOP_ANALYSIS = YES;
				CLANG_WARN_STRICT_PROTOTYPES = YES;
				CLANG_WARN_SUSPICIOUS_MOVE = YES;
				CLANG_WARN_UNGUARDED_AVAILABILITY = YES_AGGRESSIVE;
				CLANG_WARN_UNREACHABLE_CODE = YES;
				CLANG_WARN__DUPLICATE_METHOD_MATCH = YES;
				CODE_SIGN_IDENTITY = "iPhone Developer";
				COPY_PHASE_STRIP = NO;
				DEBUG_INFORMATION_FORMAT = dwarf;
				ENABLE_STRICT_OBJC_MSGSEND = YES;
				ENABLE_TESTABILITY = YES;
				GCC_C_LANGUAGE_STANDARD = gnu11;
				GCC_DYNAMIC_NO_PIC = NO;
				GCC_NO_COMMON_BLOCKS = YES;
				GCC_OPTIMIZATION_LEVEL = 0;
				GCC_PREPROCESSOR_DEFINITIONS = (
					"DEBUG=1",
					"$(inherited)",
				);
				GCC_WARN_64_TO_32_BIT_CONVERSION = YES;
				GCC_WARN_ABOUT_RETURN_TYPE = YES_ERROR;
				GCC_WARN_UNDECLARED_SELECTOR = YES;
				GCC_WARN_UNINITIALIZED_AUTOS = YES_AGGRESSIVE;
				GCC_WARN_UNUSED_FUNCTION = YES;
				GCC_WARN_UNUSED_VARIABLE = YES;
				IPHONEOS_DEPLOYMENT_TARGET = 10.3;
				MTL_ENABLE_DEBUG_INFO = YES;
				ONLY_ACTIVE_ARCH = YES;
				SDKROOT = iphoneos;
				SWIFT_ACTIVE_COMPILATION_CONDITIONS = DEBUG;
				SWIFT_OPTIMIZATION_LEVEL = "-Onone";
			};
			name = Debug;
		};
		269132981F9F0FCF006C0836 /* Release */ = {
			isa = XCBuildConfiguration;
			buildSettings = {
				ALWAYS_SEARCH_USER_PATHS = NO;
				CLANG_ANALYZER_NONNULL = YES;
				CLANG_ANALYZER_NUMBER_OBJECT_CONVERSION = YES_AGGRESSIVE;
				CLANG_CXX_LANGUAGE_STANDARD = "gnu++14";
				CLANG_CXX_LIBRARY = "libc++";
				CLANG_ENABLE_MODULES = YES;
				CLANG_ENABLE_OBJC_ARC = YES;
				CLANG_WARN_BLOCK_CAPTURE_AUTORELEASING = YES;
				CLANG_WARN_BOOL_CONVERSION = YES;
				CLANG_WARN_COMMA = YES;
				CLANG_WARN_CONSTANT_CONVERSION = YES;
				CLANG_WARN_DIRECT_OBJC_ISA_USAGE = YES_ERROR;
				CLANG_WARN_DOCUMENTATION_COMMENTS = YES;
				CLANG_WARN_EMPTY_BODY = YES;
				CLANG_WARN_ENUM_CONVERSION = YES;
				CLANG_WARN_INFINITE_RECURSION = YES;
				CLANG_WARN_INT_CONVERSION = YES;
				CLANG_WARN_NON_LITERAL_NULL_CONVERSION = YES;
				CLANG_WARN_OBJC_LITERAL_CONVERSION = YES;
				CLANG_WARN_OBJC_ROOT_CLASS = YES_ERROR;
				CLANG_WARN_RANGE_LOOP_ANALYSIS = YES;
				CLANG_WARN_STRICT_PROTOTYPES = YES;
				CLANG_WARN_SUSPICIOUS_MOVE = YES;
				CLANG_WARN_UNGUARDED_AVAILABILITY = YES_AGGRESSIVE;
				CLANG_WARN_UNREACHABLE_CODE = YES;
				CLANG_WARN__DUPLICATE_METHOD_MATCH = YES;
				CODE_SIGN_IDENTITY = "iPhone Developer";
				COPY_PHASE_STRIP = NO;
				DEBUG_INFORMATION_FORMAT = "dwarf-with-dsym";
				ENABLE_NS_ASSERTIONS = NO;
				ENABLE_STRICT_OBJC_MSGSEND = YES;
				GCC_C_LANGUAGE_STANDARD = gnu11;
				GCC_NO_COMMON_BLOCKS = YES;
				GCC_WARN_64_TO_32_BIT_CONVERSION = YES;
				GCC_WARN_ABOUT_RETURN_TYPE = YES_ERROR;
				GCC_WARN_UNDECLARED_SELECTOR = YES;
				GCC_WARN_UNINITIALIZED_AUTOS = YES_AGGRESSIVE;
				GCC_WARN_UNUSED_FUNCTION = YES;
				GCC_WARN_UNUSED_VARIABLE = YES;
				IPHONEOS_DEPLOYMENT_TARGET = 10.3;
				MTL_ENABLE_DEBUG_INFO = NO;
				SDKROOT = iphoneos;
				SWIFT_OPTIMIZATION_LEVEL = "-Owholemodule";
				VALIDATE_PRODUCT = YES;
			};
			name = Release;
		};
		2691329A1F9F0FCF006C0836 /* Debug */ = {
			isa = XCBuildConfiguration;
			baseConfigurationReference = A20AA3ED78A79934F8862791 /* Pods-LichChieuPhim.debug.xcconfig */;
			buildSettings = {
				ASSETCATALOG_COMPILER_APPICON_NAME = AppIcon;
				CLANG_ENABLE_MODULES = YES;
				CODE_SIGN_STYLE = Automatic;
				DEVELOPMENT_TEAM = M37C2L4H2B;
				INFOPLIST_FILE = LichChieuPhim/Info.plist;
				IPHONEOS_DEPLOYMENT_TARGET = 10.3;
				LD_RUNPATH_SEARCH_PATHS = "$(inherited) @executable_path/Frameworks";
				PRODUCT_BUNDLE_IDENTIFIER = com.DVMayTinh.LichChieuPhim;
				PRODUCT_NAME = "$(TARGET_NAME)";
				SWIFT_OBJC_BRIDGING_HEADER = "LichChieuPhim/Frameworks/LichChieuPhim-Bridging-Header.h";
				SWIFT_OPTIMIZATION_LEVEL = "-Onone";
				SWIFT_VERSION = 4.0;
				TARGETED_DEVICE_FAMILY = "1,2";
			};
			name = Debug;
		};
		2691329B1F9F0FCF006C0836 /* Release */ = {
			isa = XCBuildConfiguration;
			baseConfigurationReference = B836D0B1EA62DA0983067B0E /* Pods-LichChieuPhim.release.xcconfig */;
			buildSettings = {
				ASSETCATALOG_COMPILER_APPICON_NAME = AppIcon;
				CLANG_ENABLE_MODULES = YES;
				CODE_SIGN_STYLE = Automatic;
				DEVELOPMENT_TEAM = M37C2L4H2B;
				INFOPLIST_FILE = LichChieuPhim/Info.plist;
				IPHONEOS_DEPLOYMENT_TARGET = 10.3;
				LD_RUNPATH_SEARCH_PATHS = "$(inherited) @executable_path/Frameworks";
				PRODUCT_BUNDLE_IDENTIFIER = com.DVMayTinh.LichChieuPhim;
				PRODUCT_NAME = "$(TARGET_NAME)";
				SWIFT_OBJC_BRIDGING_HEADER = "LichChieuPhim/Frameworks/LichChieuPhim-Bridging-Header.h";
				SWIFT_VERSION = 4.0;
				TARGETED_DEVICE_FAMILY = "1,2";
			};
			name = Release;
		};
/* End XCBuildConfiguration section */

/* Begin XCConfigurationList section */
		269132821F9F0FCE006C0836 /* Build configuration list for PBXProject "LichChieuPhim" */ = {
			isa = XCConfigurationList;
			buildConfigurations = (
				269132971F9F0FCF006C0836 /* Debug */,
				269132981F9F0FCF006C0836 /* Release */,
			);
			defaultConfigurationIsVisible = 0;
			defaultConfigurationName = Release;
		};
		269132991F9F0FCF006C0836 /* Build configuration list for PBXNativeTarget "LichChieuPhim" */ = {
			isa = XCConfigurationList;
			buildConfigurations = (
				2691329A1F9F0FCF006C0836 /* Debug */,
				2691329B1F9F0FCF006C0836 /* Release */,
			);
			defaultConfigurationIsVisible = 0;
			defaultConfigurationName = Release;
		};
/* End XCConfigurationList section */
	};
	rootObject = 2691327F1F9F0FCE006C0836 /* Project object */;
}
